
Microsoft Visual Studio Solution File, Format Version 12.00
# Visual Studio Version 16
VisualStudioVersion = 16.0.33927.289
MinimumVisualStudioVersion = 10.0.40219.1
Project("{2150E333-8FDC-42A3-9474-1A3956D46DE8}") = "Task0", "Task0", "{0E3BB771-C76E-4FC2-9D2B-55442BAAAE62}"
EndProject
Project("{FAE04EC0-301F-11D3-BF4B-00C04F79EFBC}") = "Tyuiu.PyankovaVV.Sprint5.Task0.V17", "Tyuiu.PyankovaVV.Sprint5.Task0.V17\Tyuiu.PyankovaVV.Sprint5.Task0.V17.csproj", "{AB5687F7-D0A1-4A52-8EBC-94296D1920BA}"
EndProject
Project("{FAE04EC0-301F-11D3-BF4B-00C04F79EFBC}") = "Tyuiu.PyankovaVV.Sprint5.Task0.V17.Lib", "Tyuiu.PyankovaVV.Sprint5.Task0.V17.Lib\Tyuiu.PyankovaVV.Sprint5.Task0.V17.Lib.csproj", "{A8BDE69A-9649-4455-95BA-B791675608FA}"
EndProject
Project("{FAE04EC0-301F-11D3-BF4B-00C04F79EFBC}") = "Tyuiu.PyankovaVV.Sprint5.Task0.V17.Test", "Tyuiu.PyankovaVV.Sprint5.Task0.V17.Test\Tyuiu.PyankovaVV.Sprint5.Task0.V17.Test.csproj", "{FC6EC87E-60C0-4C67-894F-53E75947041C}"
EndProject
Project("{2150E333-8FDC-42A3-9474-1A3956D46DE8}") = "Task1", "Task1", "{261E726F-F1BC-400C-9DBC-F6B4BE3DE60A}"
EndProject
Project("{FAE04EC0-301F-11D3-BF4B-00C04F79EFBC}") = "Tyuiu.PyankovaVV.Sprint5.Task1.V20", "Tyuiu.PyankovaVV.Sprint5.Task1.V20\Tyuiu.PyankovaVV.Sprint5.Task1.V20.csproj", "{AED6CF61-BEE8-475E-A01E-A642DC18600F}"
EndProject
Project("{FAE04EC0-301F-11D3-BF4B-00C04F79EFBC}") = "Tyuiu.PyankovaVV.Sprint5.Task1.V20.Lib", "Tyuiu.PyankovaVV.Sprint5.Task1.V20.Lib\Tyuiu.PyankovaVV.Sprint5.Task1.V20.Lib.csproj", "{5CD3E5F5-9DA2-4D74-BEAD-6F59B0D5E98A}"
EndProject
Project("{FAE04EC0-301F-11D3-BF4B-00C04F79EFBC}") = "Tyuiu.PyankovaVV.Sprint5.Task1.V20.Test", "Tyuiu.PyankovaVV.Sprint5.Task1.V20.Test\Tyuiu.PyankovaVV.Sprint5.Task1.V20.Test.csproj", "{0DBADED5-2829-438F-A4F6-63E1D3615E09}"
EndProject
Project("{2150E333-8FDC-42A3-9474-1A3956D46DE8}") = "Task2", "Task2", "{3FE11908-8DEE-4882-9B15-59982D9B9BF5}"
EndProject
Project("{FAE04EC0-301F-11D3-BF4B-00C04F79EFBC}") = "Tyuiu.PyankovaVV.Sprint5.Task2.V16", "Tyuiu.PyankovaVV.Sprint5.Task2.V16\Tyuiu.PyankovaVV.Sprint5.Task2.V16.csproj", "{4BCB6B77-E2B7-4791-92B5-F83C7AE4B893}"
EndProject
Project("{FAE04EC0-301F-11D3-BF4B-00C04F79EFBC}") = "Tyuiu.PyankovaVV.Sprint5.Task2.V16.Lib", "Tyuiu.PyankovaVV.Sprint5.Task2.V16.Lib\Tyuiu.PyankovaVV.Sprint5.Task2.V16.Lib.csproj", "{91238E10-937E-49A3-A95E-CC9453D3F708}"
EndProject
Project("{FAE04EC0-301F-11D3-BF4B-00C04F79EFBC}") = "Tyuiu.PyankovaVV.Sprint5.Task2.V16.Test", "Tyuiu.PyankovaVV.Sprint5.Task2.V16.Test\Tyuiu.PyankovaVV.Sprint5.Task2.V16.Test.csproj", "{006EBF2C-CE73-4C21-9777-AE59A6348DEE}"
EndProject
Project("{2150E333-8FDC-42A3-9474-1A3956D46DE8}") = "Task3", "Task3", "{57F8798D-6DAE-4673-80FF-71F361172D37}"
EndProject
Project("{FAE04EC0-301F-11D3-BF4B-00C04F79EFBC}") = "Tyuiu.PyankovaVV.Sprint5.Task3.V15", "Tyuiu.PyankovaVV.Sprint5.Task3.V15\Tyuiu.PyankovaVV.Sprint5.Task3.V15.csproj", "{0AC35F57-9DC5-4D8C-AE82-516383ED94DA}"
EndProject
Project("{FAE04EC0-301F-11D3-BF4B-00C04F79EFBC}") = "Tyuiu.PyankovaVV.Sprint5.Task3.V15.Lib", "Tyuiu.PyankovaVV.Sprint5.Task3.V15.Lib\Tyuiu.PyankovaVV.Sprint5.Task3.V15.Lib.csproj", "{A5C5C01C-A8F6-48D0-8FC6-392D453DF8E2}"
EndProject
Project("{FAE04EC0-301F-11D3-BF4B-00C04F79EFBC}") = "Tyuiu.PyankovaVV.Sprint5.Task3.V15.Test", "Tyuiu.PyankovaVV.Sprint5.Task3.V15.Test\Tyuiu.PyankovaVV.Sprint5.Task3.V15.Test.csproj", "{4EBBE82B-C68A-4153-A13A-F98F24B3771E}"
EndProject
Project("{2150E333-8FDC-42A3-9474-1A3956D46DE8}") = "Task4", "Task4", "{2128B347-106E-40CF-818C-D141876ECA44}"
EndProject
Project("{FAE04EC0-301F-11D3-BF4B-00C04F79EFBC}") = "Tyuiu.PyankovaVV.Sprint5.Task4.V8", "Tyuiu.PyankovaVV.Sprint5.Task4.V8\Tyuiu.PyankovaVV.Sprint5.Task4.V8.csproj", "{E53703CD-CE75-414D-92FA-822F9F3BFDB8}"
EndProject
Project("{FAE04EC0-301F-11D3-BF4B-00C04F79EFBC}") = "Tyuiu.PyankovaVV.Sprint5.Task4.V8.Lib", "Tyuiu.PyankovaVV.Sprint5.Task4.V8.Lib\Tyuiu.PyankovaVV.Sprint5.Task4.V8.Lib.csproj", "{CCD78AE5-76ED-4B4F-9DC2-AA6EA7BCA509}"
EndProject
Project("{FAE04EC0-301F-11D3-BF4B-00C04F79EFBC}") = "Tyuiu.PyankovaVV.Sprint5.Task4.V8.Test", "Tyuiu.PyankovaVV.Sprint5.Task4.V8.Test\Tyuiu.PyankovaVV.Sprint5.Task4.V8.Test.csproj", "{2C50C7D8-9888-4A59-AC3D-5BD9C559D881}"
EndProject
Project("{2150E333-8FDC-42A3-9474-1A3956D46DE8}") = "Task5", "Task5", "{9B30ACBA-92F9-4575-9E08-608F49709BF7}"
EndProject
Project("{FAE04EC0-301F-11D3-BF4B-00C04F79EFBC}") = "Tyuiu.PyankovaVV.Sprint5.Task5.V12", "Tyuiu.PyankovaVV.Sprint5.Task5.V12\Tyuiu.PyankovaVV.Sprint5.Task5.V12.csproj", "{1EEBE5DE-ABAF-4D1F-90AA-5935935EF33C}"
EndProject
Project("{FAE04EC0-301F-11D3-BF4B-00C04F79EFBC}") = "Tyuiu.PyankovaVV.Sprint5.Task5.V12.Lib", "Tyuiu.PyankovaVV.Sprint5.Task5.V12.Lib\Tyuiu.PyankovaVV.Sprint5.Task5.V12.Lib.csproj", "{3275B401-ABAD-4245-956F-1FBB365DBC05}"
EndProject
Project("{FAE04EC0-301F-11D3-BF4B-00C04F79EFBC}") = "Tyuiu.PyankovaVV.Sprint5.Task5.V12.Test", "Tyuiu.PyankovaVV.Sprint5.Task5.V12.Test\Tyuiu.PyankovaVV.Sprint5.Task5.V12.Test.csproj", "{0E0F309F-D635-4AFD-902D-C730952ABFD3}"
EndProject
Global
	GlobalSection(SolutionConfigurationPlatforms) = preSolution
		Debug|Any CPU = Debug|Any CPU
		Release|Any CPU = Release|Any CPU
	EndGlobalSection
	GlobalSection(ProjectConfigurationPlatforms) = postSolution
		{AB5687F7-D0A1-4A52-8EBC-94296D1920BA}.Debug|Any CPU.ActiveCfg = Debug|Any CPU
		{AB5687F7-D0A1-4A52-8EBC-94296D1920BA}.Debug|Any CPU.Build.0 = Debug|Any CPU
		{AB5687F7-D0A1-4A52-8EBC-94296D1920BA}.Release|Any CPU.ActiveCfg = Release|Any CPU
		{AB5687F7-D0A1-4A52-8EBC-94296D1920BA}.Release|Any CPU.Build.0 = Release|Any CPU
		{A8BDE69A-9649-4455-95BA-B791675608FA}.Debug|Any CPU.ActiveCfg = Debug|Any CPU
		{A8BDE69A-9649-4455-95BA-B791675608FA}.Debug|Any CPU.Build.0 = Debug|Any CPU
		{A8BDE69A-9649-4455-95BA-B791675608FA}.Release|Any CPU.ActiveCfg = Release|Any CPU
		{A8BDE69A-9649-4455-95BA-B791675608FA}.Release|Any CPU.Build.0 = Release|Any CPU
		{FC6EC87E-60C0-4C67-894F-53E75947041C}.Debug|Any CPU.ActiveCfg = Debug|Any CPU
		{FC6EC87E-60C0-4C67-894F-53E75947041C}.Debug|Any CPU.Build.0 = Debug|Any CPU
		{FC6EC87E-60C0-4C67-894F-53E75947041C}.Release|Any CPU.ActiveCfg = Release|Any CPU
		{FC6EC87E-60C0-4C67-894F-53E75947041C}.Release|Any CPU.Build.0 = Release|Any CPU
		{AED6CF61-BEE8-475E-A01E-A642DC18600F}.Debug|Any CPU.ActiveCfg = Debug|Any CPU
		{AED6CF61-BEE8-475E-A01E-A642DC18600F}.Debug|Any CPU.Build.0 = Debug|Any CPU
		{AED6CF61-BEE8-475E-A01E-A642DC18600F}.Release|Any CPU.ActiveCfg = Release|Any CPU
		{AED6CF61-BEE8-475E-A01E-A642DC18600F}.Release|Any CPU.Build.0 = Release|Any CPU
		{5CD3E5F5-9DA2-4D74-BEAD-6F59B0D5E98A}.Debug|Any CPU.ActiveCfg = Debug|Any CPU
		{5CD3E5F5-9DA2-4D74-BEAD-6F59B0D5E98A}.Debug|Any CPU.Build.0 = Debug|Any CPU
		{5CD3E5F5-9DA2-4D74-BEAD-6F59B0D5E98A}.Release|Any CPU.ActiveCfg = Release|Any CPU
		{5CD3E5F5-9DA2-4D74-BEAD-6F59B0D5E98A}.Release|Any CPU.Build.0 = Release|Any CPU
		{0DBADED5-2829-438F-A4F6-63E1D3615E09}.Debug|Any CPU.ActiveCfg = Debug|Any CPU
		{0DBADED5-2829-438F-A4F6-63E1D3615E09}.Debug|Any CPU.Build.0 = Debug|Any CPU
		{0DBADED5-2829-438F-A4F6-63E1D3615E09}.Release|Any CPU.ActiveCfg = Release|Any CPU
		{0DBADED5-2829-438F-A4F6-63E1D3615E09}.Release|Any CPU.Build.0 = Release|Any CPU
		{4BCB6B77-E2B7-4791-92B5-F83C7AE4B893}.Debug|Any CPU.ActiveCfg = Debug|Any CPU
		{4BCB6B77-E2B7-4791-92B5-F83C7AE4B893}.Debug|Any CPU.Build.0 = Debug|Any CPU
		{4BCB6B77-E2B7-4791-92B5-F83C7AE4B893}.Release|Any CPU.ActiveCfg = Release|Any CPU
		{4BCB6B77-E2B7-4791-92B5-F83C7AE4B893}.Release|Any CPU.Build.0 = Release|Any CPU
		{91238E10-937E-49A3-A95E-CC9453D3F708}.Debug|Any CPU.ActiveCfg = Debug|Any CPU
		{91238E10-937E-49A3-A95E-CC9453D3F708}.Debug|Any CPU.Build.0 = Debug|Any CPU
		{91238E10-937E-49A3-A95E-CC9453D3F708}.Release|Any CPU.ActiveCfg = Release|Any CPU
		{91238E10-937E-49A3-A95E-CC9453D3F708}.Release|Any CPU.Build.0 = Release|Any CPU
		{006EBF2C-CE73-4C21-9777-AE59A6348DEE}.Debug|Any CPU.ActiveCfg = Debug|Any CPU
		{006EBF2C-CE73-4C21-9777-AE59A6348DEE}.Debug|Any CPU.Build.0 = Debug|Any CPU
		{006EBF2C-CE73-4C21-9777-AE59A6348DEE}.Release|Any CPU.ActiveCfg = Release|Any CPU
		{006EBF2C-CE73-4C21-9777-AE59A6348DEE}.Release|Any CPU.Build.0 = Release|Any CPU
		{0AC35F57-9DC5-4D8C-AE82-516383ED94DA}.Debug|Any CPU.ActiveCfg = Debug|Any CPU
		{0AC35F57-9DC5-4D8C-AE82-516383ED94DA}.Debug|Any CPU.Build.0 = Debug|Any CPU
		{0AC35F57-9DC5-4D8C-AE82-516383ED94DA}.Release|Any CPU.ActiveCfg = Release|Any CPU
		{0AC35F57-9DC5-4D8C-AE82-516383ED94DA}.Release|Any CPU.Build.0 = Release|Any CPU
		{A5C5C01C-A8F6-48D0-8FC6-392D453DF8E2}.Debug|Any CPU.ActiveCfg = Debug|Any CPU
		{A5C5C01C-A8F6-48D0-8FC6-392D453DF8E2}.Debug|Any CPU.Build.0 = Debug|Any CPU
		{A5C5C01C-A8F6-48D0-8FC6-392D453DF8E2}.Release|Any CPU.ActiveCfg = Release|Any CPU
		{A5C5C01C-A8F6-48D0-8FC6-392D453DF8E2}.Release|Any CPU.Build.0 = Release|Any CPU
		{4EBBE82B-C68A-4153-A13A-F98F24B3771E}.Debug|Any CPU.ActiveCfg = Debug|Any CPU
		{4EBBE82B-C68A-4153-A13A-F98F24B3771E}.Debug|Any CPU.Build.0 = Debug|Any CPU
		{4EBBE82B-C68A-4153-A13A-F98F24B3771E}.Release|Any CPU.ActiveCfg = Release|Any CPU
		{4EBBE82B-C68A-4153-A13A-F98F24B3771E}.Release|Any CPU.Build.0 = Release|Any CPU
		{E53703CD-CE75-414D-92FA-822F9F3BFDB8}.Debug|Any CPU.ActiveCfg = Debug|Any CPU
		{E53703CD-CE75-414D-92FA-822F9F3BFDB8}.Debug|Any CPU.Build.0 = Debug|Any CPU
		{E53703CD-CE75-414D-92FA-822F9F3BFDB8}.Release|Any CPU.ActiveCfg = Release|Any CPU
		{E53703CD-CE75-414D-92FA-822F9F3BFDB8}.Release|Any CPU.Build.0 = Release|Any CPU
		{CCD78AE5-76ED-4B4F-9DC2-AA6EA7BCA509}.Debug|Any CPU.ActiveCfg = Debug|Any CPU
		{CCD78AE5-76ED-4B4F-9DC2-AA6EA7BCA509}.Debug|Any CPU.Build.0 = Debug|Any CPU
		{CCD78AE5-76ED-4B4F-9DC2-AA6EA7BCA509}.Release|Any CPU.ActiveCfg = Release|Any CPU
		{CCD78AE5-76ED-4B4F-9DC2-AA6EA7BCA509}.Release|Any CPU.Build.0 = Release|Any CPU
		{2C50C7D8-9888-4A59-AC3D-5BD9C559D881}.Debug|Any CPU.ActiveCfg = Debug|Any CPU
		{2C50C7D8-9888-4A59-AC3D-5BD9C559D881}.Debug|Any CPU.Build.0 = Debug|Any CPU
		{2C50C7D8-9888-4A59-AC3D-5BD9C559D881}.Release|Any CPU.ActiveCfg = Release|Any CPU
		{2C50C7D8-9888-4A59-AC3D-5BD9C559D881}.Release|Any CPU.Build.0 = Release|Any CPU
		{1EEBE5DE-ABAF-4D1F-90AA-5935935EF33C}.Debug|Any CPU.ActiveCfg = Debug|Any CPU
		{1EEBE5DE-ABAF-4D1F-90AA-5935935EF33C}.Debug|Any CPU.Build.0 = Debug|Any CPU
		{1EEBE5DE-ABAF-4D1F-90AA-5935935EF33C}.Release|Any CPU.ActiveCfg = Release|Any CPU
		{1EEBE5DE-ABAF-4D1F-90AA-5935935EF33C}.Release|Any CPU.Build.0 = Release|Any CPU
		{3275B401-ABAD-4245-956F-1FBB365DBC05}.Debug|Any CPU.ActiveCfg = Debug|Any CPU
		{3275B401-ABAD-4245-956F-1FBB365DBC05}.Debug|Any CPU.Build.0 = Debug|Any CPU
		{3275B401-ABAD-4245-956F-1FBB365DBC05}.Release|Any CPU.ActiveCfg = Release|Any CPU
		{3275B401-ABAD-4245-956F-1FBB365DBC05}.Release|Any CPU.Build.0 = Release|Any CPU
		{0E0F309F-D635-4AFD-902D-C730952ABFD3}.Debug|Any CPU.ActiveCfg = Debug|Any CPU
		{0E0F309F-D635-4AFD-902D-C730952ABFD3}.Debug|Any CPU.Build.0 = Debug|Any CPU
		{0E0F309F-D635-4AFD-902D-C730952ABFD3}.Release|Any CPU.ActiveCfg = Release|Any CPU
		{0E0F309F-D635-4AFD-902D-C730952ABFD3}.Release|Any CPU.Build.0 = Release|Any CPU
	EndGlobalSection
	GlobalSection(SolutionProperties) = preSolution
		HideSolutionNode = FALSE
	EndGlobalSection
	GlobalSection(NestedProjects) = preSolution
		{AB5687F7-D0A1-4A52-8EBC-94296D1920BA} = {0E3BB771-C76E-4FC2-9D2B-55442BAAAE62}
		{A8BDE69A-9649-4455-95BA-B791675608FA} = {0E3BB771-C76E-4FC2-9D2B-55442BAAAE62}
		{FC6EC87E-60C0-4C67-894F-53E75947041C} = {0E3BB771-C76E-4FC2-9D2B-55442BAAAE62}
		{AED6CF61-BEE8-475E-A01E-A642DC18600F} = {261E726F-F1BC-400C-9DBC-F6B4BE3DE60A}
		{5CD3E5F5-9DA2-4D74-BEAD-6F59B0D5E98A} = {261E726F-F1BC-400C-9DBC-F6B4BE3DE60A}
		{0DBADED5-2829-438F-A4F6-63E1D3615E09} = {261E726F-F1BC-400C-9DBC-F6B4BE3DE60A}
		{4BCB6B77-E2B7-4791-92B5-F83C7AE4B893} = {3FE11908-8DEE-4882-9B15-59982D9B9BF5}
		{91238E10-937E-49A3-A95E-CC9453D3F708} = {3FE11908-8DEE-4882-9B15-59982D9B9BF5}
		{006EBF2C-CE73-4C21-9777-AE59A6348DEE} = {3FE11908-8DEE-4882-9B15-59982D9B9BF5}
		{0AC35F57-9DC5-4D8C-AE82-516383ED94DA} = {57F8798D-6DAE-4673-80FF-71F361172D37}
		{A5C5C01C-A8F6-48D0-8FC6-392D453DF8E2} = {57F8798D-6DAE-4673-80FF-71F361172D37}
		{4EBBE82B-C68A-4153-A13A-F98F24B3771E} = {57F8798D-6DAE-4673-80FF-71F361172D37}
		{E53703CD-CE75-414D-92FA-822F9F3BFDB8} = {2128B347-106E-40CF-818C-D141876ECA44}
		{CCD78AE5-76ED-4B4F-9DC2-AA6EA7BCA509} = {2128B347-106E-40CF-818C-D141876ECA44}
		{2C50C7D8-9888-4A59-AC3D-5BD9C559D881} = {2128B347-106E-40CF-818C-D141876ECA44}
		{1EEBE5DE-ABAF-4D1F-90AA-5935935EF33C} = {9B30ACBA-92F9-4575-9E08-608F49709BF7}
		{3275B401-ABAD-4245-956F-1FBB365DBC05} = {9B30ACBA-92F9-4575-9E08-608F49709BF7}
		{0E0F309F-D635-4AFD-902D-C730952ABFD3} = {9B30ACBA-92F9-4575-9E08-608F49709BF7}
	EndGlobalSection
	GlobalSection(ExtensibilityGlobals) = postSolution
		SolutionGuid = {D7677C6F-5B19-46EC-BC4E-A377F461B7C3}
	EndGlobalSection
EndGlobal
